
Microsoft Visual Studio Solution File, Format Version 12.00
# Visual Studio Version 16
VisualStudioVersion = 16.0.30711.63
MinimumVisualStudioVersion = 10.0.40219.1
Project("{9A19103F-16F7-4668-BE54-9A1E7A4F7556}") = "CandidateMatcher", "CandidateMatcher\CandidateMatcher.csproj", "{4A1F7C65-00EB-45D8-A884-94DE805C800C}"
EndProject
Project("{FAE04EC0-301F-11D3-BF4B-00C04F79EFBC}") = "CandidateMatcherTest", "CandidateMatcherTest\CandidateMatcherTest.csproj", "{7BE575BC-1B67-44B2-87CB-C53083401C10}"
EndProject
Global
	GlobalSection(SolutionConfigurationPlatforms) = preSolution
		Debug|Any CPU = Debug|Any CPU
		Release|Any CPU = Release|Any CPU
	EndGlobalSection
	GlobalSection(ProjectConfigurationPlatforms) = postSolution
		{4A1F7C65-00EB-45D8-A884-94DE805C800C}.Debug|Any CPU.ActiveCfg = Debug|Any CPU
		{4A1F7C65-00EB-45D8-A884-94DE805C800C}.Debug|Any CPU.Build.0 = Debug|Any CPU
		{4A1F7C65-00EB-45D8-A884-94DE805C800C}.Release|Any CPU.ActiveCfg = Release|Any CPU
		{4A1F7C65-00EB-45D8-A884-94DE805C800C}.Release|Any CPU.Build.0 = Release|Any CPU
		{7BE575BC-1B67-44B2-87CB-C53083401C10}.Debug|Any CPU.ActiveCfg = Debug|Any CPU
		{7BE575BC-1B67-44B2-87CB-C53083401C10}.Debug|Any CPU.Build.0 = Debug|Any CPU
		{7BE575BC-1B67-44B2-87CB-C53083401C10}.Release|Any CPU.ActiveCfg = Release|Any CPU
		{7BE575BC-1B67-44B2-87CB-C53083401C10}.Release|Any CPU.Build.0 = Release|Any CPU
	EndGlobalSection
	GlobalSection(SolutionProperties) = preSolution
		HideSolutionNode = FALSE
	EndGlobalSection
	GlobalSection(ExtensibilityGlobals) = postSolution
		SolutionGuid = {C0668315-A803-4C3C-945E-E0EC85D48A31}
	EndGlobalSection
EndGlobal
